
Microsoft Visual Studio Solution File, Format Version 12.00
# Visual Studio Version 17
VisualStudioVersion = 17.7.34009.444
MinimumVisualStudioVersion = 10.0.40219.1
Project("{FAE04EC0-301F-11D3-BF4B-00C04F79EFBC}") = "WebApplication5", "WebApplication5\WebApplication5.csproj", "{165ECDE1-89FF-44DF-8227-4FEA811614C2}"
EndProject
Global
	GlobalSection(SolutionConfigurationPlatforms) = preSolution
		Debug|Any CPU = Debug|Any CPU
		Release|Any CPU = Release|Any CPU
	EndGlobalSection
	GlobalSection(ProjectConfigurationPlatforms) = postSolution
		{165ECDE1-89FF-44DF-8227-4FEA811614C2}.Debug|Any CPU.ActiveCfg = Debug|Any CPU
		{165ECDE1-89FF-44DF-8227-4FEA811614C2}.Debug|Any CPU.Build.0 = Debug|Any CPU
		{165ECDE1-89FF-44DF-8227-4FEA811614C2}.Release|Any CPU.ActiveCfg = Release|Any CPU
		{165ECDE1-89FF-44DF-8227-4FEA811614C2}.Release|Any CPU.Build.0 = Release|Any CPU
	EndGlobalSection
	GlobalSection(SolutionProperties) = preSolution
		HideSolutionNode = FALSE
	EndGlobalSection
	GlobalSection(ExtensibilityGlobals) = postSolution
		SolutionGuid = {D3A182FA-5E9A-4C02-8E5E-957E57E6B95B}
	EndGlobalSection
EndGlobal
